// !$*UTF8*$!
{
	archiveVersion = 1;
	classes = {
	};
	objectVersion = 55;
	objects = {

/* Begin PBXFileReference section */
		84F57486274D0D220009B2B6 /* SwiftFund3.playground */ = {isa = PBXFileReference; lastKnownFileType = file.playground; path = SwiftFund3.playground; sourceTree = "<group>"; xcLanguageSpecificationIdentifier = xcode.lang.swift; };
		84F57487274D0D310009B2B6 /* Swift Fundamentals 1 .playground */ = {isa = PBXFileReference; lastKnownFileType = file.playground; path = "Swift Fundamentals 1 .playground"; sourceTree = "<group>"; xcLanguageSpecificationIdentifier = xcode.lang.swift; };
		84F57488274D0D670009B2B6 /* swiftFund2.playground */ = {isa = PBXFileReference; lastKnownFileType = file.playground; path = swiftFund2.playground; sourceTree = "<group>"; xcLanguageSpecificationIdentifier = xcode.lang.swift; };
/* End PBXFileReference section */

/* Begin PBXGroup section */
		84F5747F274D0D0C0009B2B6 = {
			isa = PBXGroup;
			children = (
				84F57488274D0D670009B2B6 /* swiftFund2.playground */,
				84F57487274D0D310009B2B6 /* Swift Fundamentals 1 .playground */,
				84F57486274D0D220009B2B6 /* SwiftFund3.playground */,
			);
			sourceTree = "<group>";
		};
/* End PBXGroup section */

/* Begin PBXProject section */
		84F57480274D0D0C0009B2B6 /* Project object */ = {
			isa = PBXProject;
			attributes = {
				BuildIndependentTargetsInParallel = 1;
				LastUpgradeCheck = 1310;
			};
			buildConfigurationList = 84F57483274D0D0C0009B2B6 /* Build configuration list for PBXProject "SwiftWeek1" */;
			compatibilityVersion = "Xcode 13.0";
			developmentRegion = en;
			hasScannedForEncodings = 0;
			knownRegions = (
				en,
				Base,
			);
			mainGroup = 84F5747F274D0D0C0009B2B6;
			projectDirPath = "";
			projectRoot = "";
			targets = (
			);
		};
/* End PBXProject section */

/* Begin XCBuildConfiguration section */
		84F57484274D0D0C0009B2B6 /* Debug */ = {
			isa = XCBuildConfiguration;
			buildSettings = {
			};
			name = Debug;
		};
		84F57485274D0D0C0009B2B6 /* Release */ = {
			isa = XCBuildConfiguration;
			buildSettings = {
			};
			name = Release;
		};
/* End XCBuildConfiguration section */

/* Begin XCConfigurationList section */
		84F57483274D0D0C0009B2B6 /* Build configuration list for PBXProject "SwiftWeek1" */ = {
			isa = XCConfigurationList;
			buildConfigurations = (
				84F57484274D0D0C0009B2B6 /* Debug */,
				84F57485274D0D0C0009B2B6 /* Release */,
			);
			defaultConfigurationIsVisible = 0;
			defaultConfigurationName = Release;
		};
/* End XCConfigurationList section */
	};
	rootObject = 84F57480274D0D0C0009B2B6 /* Project object */;
}
